
Microsoft Visual Studio Solution File, Format Version 12.00
# Visual Studio Version 16
VisualStudioVersion = 16.0.30320.27
MinimumVisualStudioVersion = 10.0.40219.1
Project("{D954291E-2A0B-460D-934E-DC6B0785DB48}") = "Wavepager.Shared", "Wavepager\Wavepager.Shared\Wavepager.Shared.shproj", "{6279C845-92F8-4333-AB99-3D213163593C}"
EndProject
Project("{FAE04EC0-301F-11D3-BF4B-00C04F79EFBC}") = "Wavepager.Droid", "Wavepager\Wavepager.Droid\Wavepager.Droid.csproj", "{1324902C-4E87-4FCC-9D7F-CD61107C89D3}"
EndProject
Project("{FAE04EC0-301F-11D3-BF4B-00C04F79EFBC}") = "Wavepager.iOS", "Wavepager\Wavepager.iOS\Wavepager.iOS.csproj", "{E4EC2A02-B86A-4365-9CF4-426C01017C85}"
EndProject
Project("{FAE04EC0-301F-11D3-BF4B-00C04F79EFBC}") = "Wavepager.UWP", "Wavepager\Wavepager.UWP\Wavepager.UWP.csproj", "{518CB8D1-004B-4428-8549-153A3F0CF744}"
EndProject
Project("{9A19103F-16F7-4668-BE54-9A1E7A4F7556}") = "Wavepager.Wasm", "Wavepager\Wavepager.Wasm\Wavepager.Wasm.csproj", "{EE811B01-CEA6-40FD-A6D7-030326733370}"
EndProject
Project("{FAE04EC0-301F-11D3-BF4B-00C04F79EFBC}") = "Wavepager.macOS", "Wavepager\Wavepager.macOS\Wavepager.macOS.csproj", "{71ED53B1-D7B8-47C6-AC19-B51EF0CB21E0}"
EndProject
Global
	GlobalSection(SharedMSBuildProjectFiles) = preSolution
		Wavepager\Wavepager.Shared\Wavepager.Shared.projitems*{1324902c-4e87-4fcc-9d7f-cd61107c89d3}*SharedItemsImports = 4
		Wavepager\Wavepager.Shared\Wavepager.Shared.projitems*{518cb8d1-004b-4428-8549-153a3f0cf744}*SharedItemsImports = 4
		Wavepager\Wavepager.Shared\Wavepager.Shared.projitems*{6279c845-92f8-4333-ab99-3d213163593c}*SharedItemsImports = 13
		Wavepager\Wavepager.Shared\Wavepager.Shared.projitems*{71ed53b1-d7b8-47c6-ac19-b51ef0cb21e0}*SharedItemsImports = 4
		Wavepager\Wavepager.Shared\Wavepager.Shared.projitems*{e4ec2a02-b86a-4365-9cf4-426c01017c85}*SharedItemsImports = 4
		Wavepager\Wavepager.Shared\Wavepager.Shared.projitems*{ee811b01-cea6-40fd-a6d7-030326733370}*SharedItemsImports = 5
	EndGlobalSection
	GlobalSection(SolutionConfigurationPlatforms) = preSolution
		Ad-Hoc|Any CPU = Ad-Hoc|Any CPU
		Ad-Hoc|ARM = Ad-Hoc|ARM
		Ad-Hoc|ARM64 = Ad-Hoc|ARM64
		Ad-Hoc|iPhone = Ad-Hoc|iPhone
		Ad-Hoc|iPhoneSimulator = Ad-Hoc|iPhoneSimulator
		Ad-Hoc|x64 = Ad-Hoc|x64
		Ad-Hoc|x86 = Ad-Hoc|x86
		AppStore|Any CPU = AppStore|Any CPU
		AppStore|ARM = AppStore|ARM
		AppStore|ARM64 = AppStore|ARM64
		AppStore|iPhone = AppStore|iPhone
		AppStore|iPhoneSimulator = AppStore|iPhoneSimulator
		AppStore|x64 = AppStore|x64
		AppStore|x86 = AppStore|x86
		Debug|Any CPU = Debug|Any CPU
		Debug|ARM = Debug|ARM
		Debug|ARM64 = Debug|ARM64
		Debug|iPhone = Debug|iPhone
		Debug|iPhoneSimulator = Debug|iPhoneSimulator
		Debug|x64 = Debug|x64
		Debug|x86 = Debug|x86
		Release|Any CPU = Release|Any CPU
		Release|ARM = Release|ARM
		Release|ARM64 = Release|ARM64
		Release|iPhone = Release|iPhone
		Release|iPhoneSimulator = Release|iPhoneSimulator
		Release|x64 = Release|x64
		Release|x86 = Release|x86
	EndGlobalSection
	GlobalSection(ProjectConfigurationPlatforms) = postSolution
		{1324902C-4E87-4FCC-9D7F-CD61107C89D3}.Ad-Hoc|Any CPU.ActiveCfg = Release|Any CPU
		{1324902C-4E87-4FCC-9D7F-CD61107C89D3}.Ad-Hoc|Any CPU.Build.0 = Release|Any CPU
		{1324902C-4E87-4FCC-9D7F-CD61107C89D3}.Ad-Hoc|Any CPU.Deploy.0 = Release|Any CPU
		{1324902C-4E87-4FCC-9D7F-CD61107C89D3}.Ad-Hoc|ARM.ActiveCfg = Release|Any CPU
		{1324902C-4E87-4FCC-9D7F-CD61107C89D3}.Ad-Hoc|ARM.Build.0 = Release|Any CPU
		{1324902C-4E87-4FCC-9D7F-CD61107C89D3}.Ad-Hoc|ARM.Deploy.0 = Release|Any CPU
		{1324902C-4E87-4FCC-9D7F-CD61107C89D3}.Ad-Hoc|ARM64.ActiveCfg = Release|Any CPU
		{1324902C-4E87-4FCC-9D7F-CD61107C89D3}.Ad-Hoc|ARM64.Build.0 = Release|Any CPU
		{1324902C-4E87-4FCC-9D7F-CD61107C89D3}.Ad-Hoc|ARM64.Deploy.0 = Release|Any CPU
		{1324902C-4E87-4FCC-9D7F-CD61107C89D3}.Ad-Hoc|iPhone.ActiveCfg = Release|Any CPU
		{1324902C-4E87-4FCC-9D7F-CD61107C89D3}.Ad-Hoc|iPhone.Build.0 = Release|Any CPU
		{1324902C-4E87-4FCC-9D7F-CD61107C89D3}.Ad-Hoc|iPhone.Deploy.0 = Release|Any CPU
		{1324902C-4E87-4FCC-9D7F-CD61107C89D3}.Ad-Hoc|iPhoneSimulator.ActiveCfg = Release|Any CPU
		{1324902C-4E87-4FCC-9D7F-CD61107C89D3}.Ad-Hoc|iPhoneSimulator.Build.0 = Release|Any CPU
		{1324902C-4E87-4FCC-9D7F-CD61107C89D3}.Ad-Hoc|iPhoneSimulator.Deploy.0 = Release|Any CPU
		{1324902C-4E87-4FCC-9D7F-CD61107C89D3}.Ad-Hoc|x64.ActiveCfg = Release|Any CPU
		{1324902C-4E87-4FCC-9D7F-CD61107C89D3}.Ad-Hoc|x64.Build.0 = Release|Any CPU
		{1324902C-4E87-4FCC-9D7F-CD61107C89D3}.Ad-Hoc|x64.Deploy.0 = Release|Any CPU
		{1324902C-4E87-4FCC-9D7F-CD61107C89D3}.Ad-Hoc|x86.ActiveCfg = Release|Any CPU
		{1324902C-4E87-4FCC-9D7F-CD61107C89D3}.Ad-Hoc|x86.Build.0 = Release|Any CPU
		{1324902C-4E87-4FCC-9D7F-CD61107C89D3}.Ad-Hoc|x86.Deploy.0 = Release|Any CPU
		{1324902C-4E87-4FCC-9D7F-CD61107C89D3}.AppStore|Any CPU.ActiveCfg = Release|Any CPU
		{1324902C-4E87-4FCC-9D7F-CD61107C89D3}.AppStore|Any CPU.Build.0 = Release|Any CPU
		{1324902C-4E87-4FCC-9D7F-CD61107C89D3}.AppStore|Any CPU.Deploy.0 = Release|Any CPU
		{1324902C-4E87-4FCC-9D7F-CD61107C89D3}.AppStore|ARM.ActiveCfg = Release|Any CPU
		{1324902C-4E87-4FCC-9D7F-CD61107C89D3}.AppStore|ARM.Build.0 = Release|Any CPU
		{1324902C-4E87-4FCC-9D7F-CD61107C89D3}.AppStore|ARM.Deploy.0 = Release|Any CPU
		{1324902C-4E87-4FCC-9D7F-CD61107C89D3}.AppStore|ARM64.ActiveCfg = Release|Any CPU
		{1324902C-4E87-4FCC-9D7F-CD61107C89D3}.AppStore|ARM64.Build.0 = Release|Any CPU
		{1324902C-4E87-4FCC-9D7F-CD61107C89D3}.AppStore|ARM64.Deploy.0 = Release|Any CPU
		{1324902C-4E87-4FCC-9D7F-CD61107C89D3}.AppStore|iPhone.ActiveCfg = Release|Any CPU
		{1324902C-4E87-4FCC-9D7F-CD61107C89D3}.AppStore|iPhone.Build.0 = Release|Any CPU
		{1324902C-4E87-4FCC-9D7F-CD61107C89D3}.AppStore|iPhone.Deploy.0 = Release|Any CPU
		{1324902C-4E87-4FCC-9D7F-CD61107C89D3}.AppStore|iPhoneSimulator.ActiveCfg = Release|Any CPU
		{1324902C-4E87-4FCC-9D7F-CD61107C89D3}.AppStore|iPhoneSimulator.Build.0 = Release|Any CPU
		{1324902C-4E87-4FCC-9D7F-CD61107C89D3}.AppStore|iPhoneSimulator.Deploy.0 = Release|Any CPU
		{1324902C-4E87-4FCC-9D7F-CD61107C89D3}.AppStore|x64.ActiveCfg = Release|Any CPU
		{1324902C-4E87-4FCC-9D7F-CD61107C89D3}.AppStore|x64.Build.0 = Release|Any CPU
		{1324902C-4E87-4FCC-9D7F-CD61107C89D3}.AppStore|x64.Deploy.0 = Release|Any CPU
		{1324902C-4E87-4FCC-9D7F-CD61107C89D3}.AppStore|x86.ActiveCfg = Release|Any CPU
		{1324902C-4E87-4FCC-9D7F-CD61107C89D3}.AppStore|x86.Build.0 = Release|Any CPU
		{1324902C-4E87-4FCC-9D7F-CD61107C89D3}.AppStore|x86.Deploy.0 = Release|Any CPU
		{1324902C-4E87-4FCC-9D7F-CD61107C89D3}.Debug|Any CPU.ActiveCfg = Debug|Any CPU
		{1324902C-4E87-4FCC-9D7F-CD61107C89D3}.Debug|Any CPU.Build.0 = Debug|Any CPU
		{1324902C-4E87-4FCC-9D7F-CD61107C89D3}.Debug|Any CPU.Deploy.0 = Debug|Any CPU
		{1324902C-4E87-4FCC-9D7F-CD61107C89D3}.Debug|ARM.ActiveCfg = Debug|Any CPU
		{1324902C-4E87-4FCC-9D7F-CD61107C89D3}.Debug|ARM.Build.0 = Debug|Any CPU
		{1324902C-4E87-4FCC-9D7F-CD61107C89D3}.Debug|ARM.Deploy.0 = Debug|Any CPU
		{1324902C-4E87-4FCC-9D7F-CD61107C89D3}.Debug|ARM64.ActiveCfg = Debug|Any CPU
		{1324902C-4E87-4FCC-9D7F-CD61107C89D3}.Debug|ARM64.Build.0 = Debug|Any CPU
		{1324902C-4E87-4FCC-9D7F-CD61107C89D3}.Debug|ARM64.Deploy.0 = Debug|Any CPU
		{1324902C-4E87-4FCC-9D7F-CD61107C89D3}.Debug|iPhone.ActiveCfg = Debug|Any CPU
		{1324902C-4E87-4FCC-9D7F-CD61107C89D3}.Debug|iPhone.Build.0 = Debug|Any CPU
		{1324902C-4E87-4FCC-9D7F-CD61107C89D3}.Debug|iPhone.Deploy.0 = Debug|Any CPU
		{1324902C-4E87-4FCC-9D7F-CD61107C89D3}.Debug|iPhoneSimulator.ActiveCfg = Debug|Any CPU
		{1324902C-4E87-4FCC-9D7F-CD61107C89D3}.Debug|iPhoneSimulator.Build.0 = Debug|Any CPU
		{1324902C-4E87-4FCC-9D7F-CD61107C89D3}.Debug|iPhoneSimulator.Deploy.0 = Debug|Any CPU
		{1324902C-4E87-4FCC-9D7F-CD61107C89D3}.Debug|x64.ActiveCfg = Debug|Any CPU
		{1324902C-4E87-4FCC-9D7F-CD61107C89D3}.Debug|x64.Build.0 = Debug|Any CPU
		{1324902C-4E87-4FCC-9D7F-CD61107C89D3}.Debug|x64.Deploy.0 = Debug|Any CPU
		{1324902C-4E87-4FCC-9D7F-CD61107C89D3}.Debug|x86.ActiveCfg = Debug|Any CPU
		{1324902C-4E87-4FCC-9D7F-CD61107C89D3}.Debug|x86.Build.0 = Debug|Any CPU
		{1324902C-4E87-4FCC-9D7F-CD61107C89D3}.Debug|x86.Deploy.0 = Debug|Any CPU
		{1324902C-4E87-4FCC-9D7F-CD61107C89D3}.Release|Any CPU.ActiveCfg = Release|Any CPU
		{1324902C-4E87-4FCC-9D7F-CD61107C89D3}.Release|Any CPU.Build.0 = Release|Any CPU
		{1324902C-4E87-4FCC-9D7F-CD61107C89D3}.Release|Any CPU.Deploy.0 = Release|Any CPU
		{1324902C-4E87-4FCC-9D7F-CD61107C89D3}.Release|ARM.ActiveCfg = Release|Any CPU
		{1324902C-4E87-4FCC-9D7F-CD61107C89D3}.Release|ARM.Build.0 = Release|Any CPU
		{1324902C-4E87-4FCC-9D7F-CD61107C89D3}.Release|ARM.Deploy.0 = Release|Any CPU
		{1324902C-4E87-4FCC-9D7F-CD61107C89D3}.Release|ARM64.ActiveCfg = Release|Any CPU
		{1324902C-4E87-4FCC-9D7F-CD61107C89D3}.Release|ARM64.Build.0 = Release|Any CPU
		{1324902C-4E87-4FCC-9D7F-CD61107C89D3}.Release|ARM64.Deploy.0 = Release|Any CPU
		{1324902C-4E87-4FCC-9D7F-CD61107C89D3}.Release|iPhone.ActiveCfg = Release|Any CPU
		{1324902C-4E87-4FCC-9D7F-CD61107C89D3}.Release|iPhone.Build.0 = Release|Any CPU
		{1324902C-4E87-4FCC-9D7F-CD61107C89D3}.Release|iPhone.Deploy.0 = Release|Any CPU
		{1324902C-4E87-4FCC-9D7F-CD61107C89D3}.Release|iPhoneSimulator.ActiveCfg = Release|Any CPU
		{1324902C-4E87-4FCC-9D7F-CD61107C89D3}.Release|iPhoneSimulator.Build.0 = Release|Any CPU
		{1324902C-4E87-4FCC-9D7F-CD61107C89D3}.Release|iPhoneSimulator.Deploy.0 = Release|Any CPU
		{1324902C-4E87-4FCC-9D7F-CD61107C89D3}.Release|x64.ActiveCfg = Release|Any CPU
		{1324902C-4E87-4FCC-9D7F-CD61107C89D3}.Release|x64.Build.0 = Release|Any CPU
		{1324902C-4E87-4FCC-9D7F-CD61107C89D3}.Release|x64.Deploy.0 = Release|Any CPU
		{1324902C-4E87-4FCC-9D7F-CD61107C89D3}.Release|x86.ActiveCfg = Release|Any CPU
		{1324902C-4E87-4FCC-9D7F-CD61107C89D3}.Release|x86.Build.0 = Release|Any CPU
		{1324902C-4E87-4FCC-9D7F-CD61107C89D3}.Release|x86.Deploy.0 = Release|Any CPU
		{E4EC2A02-B86A-4365-9CF4-426C01017C85}.Ad-Hoc|Any CPU.ActiveCfg = Ad-Hoc|iPhone
		{E4EC2A02-B86A-4365-9CF4-426C01017C85}.Ad-Hoc|ARM.ActiveCfg = Ad-Hoc|iPhone
		{E4EC2A02-B86A-4365-9CF4-426C01017C85}.Ad-Hoc|ARM64.ActiveCfg = Ad-Hoc|iPhone
		{E4EC2A02-B86A-4365-9CF4-426C01017C85}.Ad-Hoc|iPhone.ActiveCfg = Ad-Hoc|iPhone
		{E4EC2A02-B86A-4365-9CF4-426C01017C85}.Ad-Hoc|iPhone.Build.0 = Ad-Hoc|iPhone
		{E4EC2A02-B86A-4365-9CF4-426C01017C85}.Ad-Hoc|iPhoneSimulator.ActiveCfg = Ad-Hoc|iPhoneSimulator
		{E4EC2A02-B86A-4365-9CF4-426C01017C85}.Ad-Hoc|iPhoneSimulator.Build.0 = Ad-Hoc|iPhoneSimulator
		{E4EC2A02-B86A-4365-9CF4-426C01017C85}.Ad-Hoc|x64.ActiveCfg = Ad-Hoc|iPhone
		{E4EC2A02-B86A-4365-9CF4-426C01017C85}.Ad-Hoc|x86.ActiveCfg = Ad-Hoc|iPhone
		{E4EC2A02-B86A-4365-9CF4-426C01017C85}.AppStore|Any CPU.ActiveCfg = AppStore|iPhone
		{E4EC2A02-B86A-4365-9CF4-426C01017C85}.AppStore|ARM.ActiveCfg = AppStore|iPhone
		{E4EC2A02-B86A-4365-9CF4-426C01017C85}.AppStore|ARM64.ActiveCfg = AppStore|iPhone
		{E4EC2A02-B86A-4365-9CF4-426C01017C85}.AppStore|iPhone.ActiveCfg = AppStore|iPhone
		{E4EC2A02-B86A-4365-9CF4-426C01017C85}.AppStore|iPhone.Build.0 = AppStore|iPhone
		{E4EC2A02-B86A-4365-9CF4-426C01017C85}.AppStore|iPhoneSimulator.ActiveCfg = AppStore|iPhoneSimulator
		{E4EC2A02-B86A-4365-9CF4-426C01017C85}.AppStore|iPhoneSimulator.Build.0 = AppStore|iPhoneSimulator
		{E4EC2A02-B86A-4365-9CF4-426C01017C85}.AppStore|x64.ActiveCfg = AppStore|iPhone
		{E4EC2A02-B86A-4365-9CF4-426C01017C85}.AppStore|x86.ActiveCfg = AppStore|iPhone
		{E4EC2A02-B86A-4365-9CF4-426C01017C85}.Debug|Any CPU.ActiveCfg = Debug|iPhone
		{E4EC2A02-B86A-4365-9CF4-426C01017C85}.Debug|ARM.ActiveCfg = Debug|iPhone
		{E4EC2A02-B86A-4365-9CF4-426C01017C85}.Debug|ARM64.ActiveCfg = Debug|iPhone
		{E4EC2A02-B86A-4365-9CF4-426C01017C85}.Debug|iPhone.ActiveCfg = Debug|iPhone
		{E4EC2A02-B86A-4365-9CF4-426C01017C85}.Debug|iPhone.Build.0 = Debug|iPhone
		{E4EC2A02-B86A-4365-9CF4-426C01017C85}.Debug|iPhoneSimulator.ActiveCfg = Debug|iPhoneSimulator
		{E4EC2A02-B86A-4365-9CF4-426C01017C85}.Debug|iPhoneSimulator.Build.0 = Debug|iPhoneSimulator
		{E4EC2A02-B86A-4365-9CF4-426C01017C85}.Debug|x64.ActiveCfg = Debug|iPhone
		{E4EC2A02-B86A-4365-9CF4-426C01017C85}.Debug|x86.ActiveCfg = Debug|iPhone
		{E4EC2A02-B86A-4365-9CF4-426C01017C85}.Release|Any CPU.ActiveCfg = Release|iPhone
		{E4EC2A02-B86A-4365-9CF4-426C01017C85}.Release|ARM.ActiveCfg = Release|iPhone
		{E4EC2A02-B86A-4365-9CF4-426C01017C85}.Release|ARM64.ActiveCfg = Release|iPhone
		{E4EC2A02-B86A-4365-9CF4-426C01017C85}.Release|iPhone.ActiveCfg = Release|iPhone
		{E4EC2A02-B86A-4365-9CF4-426C01017C85}.Release|iPhone.Build.0 = Release|iPhone
		{E4EC2A02-B86A-4365-9CF4-426C01017C85}.Release|iPhoneSimulator.ActiveCfg = Release|iPhoneSimulator
		{E4EC2A02-B86A-4365-9CF4-426C01017C85}.Release|iPhoneSimulator.Build.0 = Release|iPhoneSimulator
		{E4EC2A02-B86A-4365-9CF4-426C01017C85}.Release|x64.ActiveCfg = Release|iPhone
		{E4EC2A02-B86A-4365-9CF4-426C01017C85}.Release|x86.ActiveCfg = Release|iPhone
		{518CB8D1-004B-4428-8549-153A3F0CF744}.Ad-Hoc|Any CPU.ActiveCfg = Release|x64
		{518CB8D1-004B-4428-8549-153A3F0CF744}.Ad-Hoc|Any CPU.Build.0 = Release|x64
		{518CB8D1-004B-4428-8549-153A3F0CF744}.Ad-Hoc|Any CPU.Deploy.0 = Release|x64
		{518CB8D1-004B-4428-8549-153A3F0CF744}.Ad-Hoc|ARM.ActiveCfg = Release|ARM
		{518CB8D1-004B-4428-8549-153A3F0CF744}.Ad-Hoc|ARM.Build.0 = Release|ARM
		{518CB8D1-004B-4428-8549-153A3F0CF744}.Ad-Hoc|ARM.Deploy.0 = Release|ARM
		{518CB8D1-004B-4428-8549-153A3F0CF744}.Ad-Hoc|ARM64.ActiveCfg = Release|ARM64
		{518CB8D1-004B-4428-8549-153A3F0CF744}.Ad-Hoc|ARM64.Build.0 = Release|ARM64
		{518CB8D1-004B-4428-8549-153A3F0CF744}.Ad-Hoc|ARM64.Deploy.0 = Release|ARM64
		{518CB8D1-004B-4428-8549-153A3F0CF744}.Ad-Hoc|iPhone.ActiveCfg = Release|x64
		{518CB8D1-004B-4428-8549-153A3F0CF744}.Ad-Hoc|iPhone.Build.0 = Release|x64
		{518CB8D1-004B-4428-8549-153A3F0CF744}.Ad-Hoc|iPhone.Deploy.0 = Release|x64
		{518CB8D1-004B-4428-8549-153A3F0CF744}.Ad-Hoc|iPhoneSimulator.ActiveCfg = Release|x64
		{518CB8D1-004B-4428-8549-153A3F0CF744}.Ad-Hoc|iPhoneSimulator.Build.0 = Release|x64
		{518CB8D1-004B-4428-8549-153A3F0CF744}.Ad-Hoc|iPhoneSimulator.Deploy.0 = Release|x64
		{518CB8D1-004B-4428-8549-153A3F0CF744}.Ad-Hoc|x64.ActiveCfg = Release|x64
		{518CB8D1-004B-4428-8549-153A3F0CF744}.Ad-Hoc|x64.Build.0 = Release|x64
		{518CB8D1-004B-4428-8549-153A3F0CF744}.Ad-Hoc|x64.Deploy.0 = Release|x64
		{518CB8D1-004B-4428-8549-153A3F0CF744}.Ad-Hoc|x86.ActiveCfg = Release|x86
		{518CB8D1-004B-4428-8549-153A3F0CF744}.Ad-Hoc|x86.Build.0 = Release|x86
		{518CB8D1-004B-4428-8549-153A3F0CF744}.Ad-Hoc|x86.Deploy.0 = Release|x86
		{518CB8D1-004B-4428-8549-153A3F0CF744}.AppStore|Any CPU.ActiveCfg = Release|x64
		{518CB8D1-004B-4428-8549-153A3F0CF744}.AppStore|Any CPU.Build.0 = Release|x64
		{518CB8D1-004B-4428-8549-153A3F0CF744}.AppStore|Any CPU.Deploy.0 = Release|x64
		{518CB8D1-004B-4428-8549-153A3F0CF744}.AppStore|ARM.ActiveCfg = Release|ARM
		{518CB8D1-004B-4428-8549-153A3F0CF744}.AppStore|ARM.Build.0 = Release|ARM
		{518CB8D1-004B-4428-8549-153A3F0CF744}.AppStore|ARM.Deploy.0 = Release|ARM
		{518CB8D1-004B-4428-8549-153A3F0CF744}.AppStore|ARM64.ActiveCfg = Release|ARM64
		{518CB8D1-004B-4428-8549-153A3F0CF744}.AppStore|ARM64.Build.0 = Release|ARM64
		{518CB8D1-004B-4428-8549-153A3F0CF744}.AppStore|ARM64.Deploy.0 = Release|ARM64
		{518CB8D1-004B-4428-8549-153A3F0CF744}.AppStore|iPhone.ActiveCfg = Release|x64
		{518CB8D1-004B-4428-8549-153A3F0CF744}.AppStore|iPhone.Build.0 = Release|x64
		{518CB8D1-004B-4428-8549-153A3F0CF744}.AppStore|iPhone.Deploy.0 = Release|x64
		{518CB8D1-004B-4428-8549-153A3F0CF744}.AppStore|iPhoneSimulator.ActiveCfg = Release|x64
		{518CB8D1-004B-4428-8549-153A3F0CF744}.AppStore|iPhoneSimulator.Build.0 = Release|x64
		{518CB8D1-004B-4428-8549-153A3F0CF744}.AppStore|iPhoneSimulator.Deploy.0 = Release|x64
		{518CB8D1-004B-4428-8549-153A3F0CF744}.AppStore|x64.ActiveCfg = Release|x64
		{518CB8D1-004B-4428-8549-153A3F0CF744}.AppStore|x64.Build.0 = Release|x64
		{518CB8D1-004B-4428-8549-153A3F0CF744}.AppStore|x64.Deploy.0 = Release|x64
		{518CB8D1-004B-4428-8549-153A3F0CF744}.AppStore|x86.ActiveCfg = Release|x86
		{518CB8D1-004B-4428-8549-153A3F0CF744}.AppStore|x86.Build.0 = Release|x86
		{518CB8D1-004B-4428-8549-153A3F0CF744}.AppStore|x86.Deploy.0 = Release|x86
		{518CB8D1-004B-4428-8549-153A3F0CF744}.Debug|Any CPU.ActiveCfg = Debug|x86
		{518CB8D1-004B-4428-8549-153A3F0CF744}.Debug|Any CPU.Build.0 = Debug|x86
		{518CB8D1-004B-4428-8549-153A3F0CF744}.Debug|Any CPU.Deploy.0 = Debug|x86
		{518CB8D1-004B-4428-8549-153A3F0CF744}.Debug|ARM.ActiveCfg = Debug|ARM
		{518CB8D1-004B-4428-8549-153A3F0CF744}.Debug|ARM.Build.0 = Debug|ARM
		{518CB8D1-004B-4428-8549-153A3F0CF744}.Debug|ARM.Deploy.0 = Debug|ARM
		{518CB8D1-004B-4428-8549-153A3F0CF744}.Debug|ARM64.ActiveCfg = Debug|ARM64
		{518CB8D1-004B-4428-8549-153A3F0CF744}.Debug|ARM64.Build.0 = Debug|ARM64
		{518CB8D1-004B-4428-8549-153A3F0CF744}.Debug|ARM64.Deploy.0 = Debug|ARM64
		{518CB8D1-004B-4428-8549-153A3F0CF744}.Debug|iPhone.ActiveCfg = Debug|x86
		{518CB8D1-004B-4428-8549-153A3F0CF744}.Debug|iPhoneSimulator.ActiveCfg = Debug|x86
		{518CB8D1-004B-4428-8549-153A3F0CF744}.Debug|x64.ActiveCfg = Debug|x64
		{518CB8D1-004B-4428-8549-153A3F0CF744}.Debug|x64.Build.0 = Debug|x64
		{518CB8D1-004B-4428-8549-153A3F0CF744}.Debug|x64.Deploy.0 = Debug|x64
		{518CB8D1-004B-4428-8549-153A3F0CF744}.Debug|x86.ActiveCfg = Debug|x86
		{518CB8D1-004B-4428-8549-153A3F0CF744}.Debug|x86.Build.0 = Debug|x86
		{518CB8D1-004B-4428-8549-153A3F0CF744}.Debug|x86.Deploy.0 = Debug|x86
		{518CB8D1-004B-4428-8549-153A3F0CF744}.Release|Any CPU.ActiveCfg = Release|x86
		{518CB8D1-004B-4428-8549-153A3F0CF744}.Release|ARM.ActiveCfg = Release|ARM
		{518CB8D1-004B-4428-8549-153A3F0CF744}.Release|ARM.Build.0 = Release|ARM
		{518CB8D1-004B-4428-8549-153A3F0CF744}.Release|ARM.Deploy.0 = Release|ARM
		{518CB8D1-004B-4428-8549-153A3F0CF744}.Release|ARM64.ActiveCfg = Release|ARM64
		{518CB8D1-004B-4428-8549-153A3F0CF744}.Release|ARM64.Build.0 = Release|ARM64
		{518CB8D1-004B-4428-8549-153A3F0CF744}.Release|ARM64.Deploy.0 = Release|ARM64
		{518CB8D1-004B-4428-8549-153A3F0CF744}.Release|iPhone.ActiveCfg = Release|x86
		{518CB8D1-004B-4428-8549-153A3F0CF744}.Release|iPhoneSimulator.ActiveCfg = Release|x86
		{518CB8D1-004B-4428-8549-153A3F0CF744}.Release|x64.ActiveCfg = Release|x64
		{518CB8D1-004B-4428-8549-153A3F0CF744}.Release|x64.Build.0 = Release|x64
		{518CB8D1-004B-4428-8549-153A3F0CF744}.Release|x64.Deploy.0 = Release|x64
		{518CB8D1-004B-4428-8549-153A3F0CF744}.Release|x86.ActiveCfg = Release|x86
		{518CB8D1-004B-4428-8549-153A3F0CF744}.Release|x86.Build.0 = Release|x86
		{518CB8D1-004B-4428-8549-153A3F0CF744}.Release|x86.Deploy.0 = Release|x86
		{EE811B01-CEA6-40FD-A6D7-030326733370}.Ad-Hoc|Any CPU.ActiveCfg = Debug|Any CPU
		{EE811B01-CEA6-40FD-A6D7-030326733370}.Ad-Hoc|Any CPU.Build.0 = Debug|Any CPU
		{EE811B01-CEA6-40FD-A6D7-030326733370}.Ad-Hoc|ARM.ActiveCfg = Debug|Any CPU
		{EE811B01-CEA6-40FD-A6D7-030326733370}.Ad-Hoc|ARM.Build.0 = Debug|Any CPU
		{EE811B01-CEA6-40FD-A6D7-030326733370}.Ad-Hoc|ARM64.ActiveCfg = Debug|Any CPU
		{EE811B01-CEA6-40FD-A6D7-030326733370}.Ad-Hoc|ARM64.Build.0 = Debug|Any CPU
		{EE811B01-CEA6-40FD-A6D7-030326733370}.Ad-Hoc|iPhone.ActiveCfg = Debug|Any CPU
		{EE811B01-CEA6-40FD-A6D7-030326733370}.Ad-Hoc|iPhone.Build.0 = Debug|Any CPU
		{EE811B01-CEA6-40FD-A6D7-030326733370}.Ad-Hoc|iPhoneSimulator.ActiveCfg = Debug|Any CPU
		{EE811B01-CEA6-40FD-A6D7-030326733370}.Ad-Hoc|iPhoneSimulator.Build.0 = Debug|Any CPU
		{EE811B01-CEA6-40FD-A6D7-030326733370}.Ad-Hoc|x64.ActiveCfg = Debug|Any CPU
		{EE811B01-CEA6-40FD-A6D7-030326733370}.Ad-Hoc|x64.Build.0 = Debug|Any CPU
		{EE811B01-CEA6-40FD-A6D7-030326733370}.Ad-Hoc|x86.ActiveCfg = Debug|Any CPU
		{EE811B01-CEA6-40FD-A6D7-030326733370}.Ad-Hoc|x86.Build.0 = Debug|Any CPU
		{EE811B01-CEA6-40FD-A6D7-030326733370}.AppStore|Any CPU.ActiveCfg = Debug|Any CPU
		{EE811B01-CEA6-40FD-A6D7-030326733370}.AppStore|Any CPU.Build.0 = Debug|Any CPU
		{EE811B01-CEA6-40FD-A6D7-030326733370}.AppStore|ARM.ActiveCfg = Debug|Any CPU
		{EE811B01-CEA6-40FD-A6D7-030326733370}.AppStore|ARM.Build.0 = Debug|Any CPU
		{EE811B01-CEA6-40FD-A6D7-030326733370}.AppStore|ARM64.ActiveCfg = Debug|Any CPU
		{EE811B01-CEA6-40FD-A6D7-030326733370}.AppStore|ARM64.Build.0 = Debug|Any CPU
		{EE811B01-CEA6-40FD-A6D7-030326733370}.AppStore|iPhone.ActiveCfg = Debug|Any CPU
		{EE811B01-CEA6-40FD-A6D7-030326733370}.AppStore|iPhone.Build.0 = Debug|Any CPU
		{EE811B01-CEA6-40FD-A6D7-030326733370}.AppStore|iPhoneSimulator.ActiveCfg = Debug|Any CPU
		{EE811B01-CEA6-40FD-A6D7-030326733370}.AppStore|iPhoneSimulator.Build.0 = Debug|Any CPU
		{EE811B01-CEA6-40FD-A6D7-030326733370}.AppStore|x64.ActiveCfg = Debug|Any CPU
		{EE811B01-CEA6-40FD-A6D7-030326733370}.AppStore|x64.Build.0 = Debug|Any CPU
		{EE811B01-CEA6-40FD-A6D7-030326733370}.AppStore|x86.ActiveCfg = Debug|Any CPU
		{EE811B01-CEA6-40FD-A6D7-030326733370}.AppStore|x86.Build.0 = Debug|Any CPU
		{EE811B01-CEA6-40FD-A6D7-030326733370}.Debug|Any CPU.ActiveCfg = Debug|Any CPU
		{EE811B01-CEA6-40FD-A6D7-030326733370}.Debug|Any CPU.Build.0 = Debug|Any CPU
		{EE811B01-CEA6-40FD-A6D7-030326733370}.Debug|ARM.ActiveCfg = Debug|Any CPU
		{EE811B01-CEA6-40FD-A6D7-030326733370}.Debug|ARM.Build.0 = Debug|Any CPU
		{EE811B01-CEA6-40FD-A6D7-030326733370}.Debug|ARM64.ActiveCfg = Debug|Any CPU
		{EE811B01-CEA6-40FD-A6D7-030326733370}.Debug|ARM64.Build.0 = Debug|Any CPU
		{EE811B01-CEA6-40FD-A6D7-030326733370}.Debug|iPhone.ActiveCfg = Debug|Any CPU
		{EE811B01-CEA6-40FD-A6D7-030326733370}.Debug|iPhone.Build.0 = Debug|Any CPU
		{EE811B01-CEA6-40FD-A6D7-030326733370}.Debug|iPhoneSimulator.ActiveCfg = Debug|Any CPU
		{EE811B01-CEA6-40FD-A6D7-030326733370}.Debug|iPhoneSimulator.Build.0 = Debug|Any CPU
		{EE811B01-CEA6-40FD-A6D7-030326733370}.Debug|x64.ActiveCfg = Debug|Any CPU
		{EE811B01-CEA6-40FD-A6D7-030326733370}.Debug|x64.Build.0 = Debug|Any CPU
		{EE811B01-CEA6-40FD-A6D7-030326733370}.Debug|x86.ActiveCfg = Debug|Any CPU
		{EE811B01-CEA6-40FD-A6D7-030326733370}.Debug|x86.Build.0 = Debug|Any CPU
		{EE811B01-CEA6-40FD-A6D7-030326733370}.Release|Any CPU.ActiveCfg = Release|Any CPU
		{EE811B01-CEA6-40FD-A6D7-030326733370}.Release|Any CPU.Build.0 = Release|Any CPU
		{EE811B01-CEA6-40FD-A6D7-030326733370}.Release|ARM.ActiveCfg = Release|Any CPU
		{EE811B01-CEA6-40FD-A6D7-030326733370}.Release|ARM.Build.0 = Release|Any CPU
		{EE811B01-CEA6-40FD-A6D7-030326733370}.Release|ARM64.ActiveCfg = Release|Any CPU
		{EE811B01-CEA6-40FD-A6D7-030326733370}.Release|ARM64.Build.0 = Release|Any CPU
		{EE811B01-CEA6-40FD-A6D7-030326733370}.Release|iPhone.ActiveCfg = Release|Any CPU
		{EE811B01-CEA6-40FD-A6D7-030326733370}.Release|iPhone.Build.0 = Release|Any CPU
		{EE811B01-CEA6-40FD-A6D7-030326733370}.Release|iPhoneSimulator.ActiveCfg = Release|Any CPU
		{EE811B01-CEA6-40FD-A6D7-030326733370}.Release|iPhoneSimulator.Build.0 = Release|Any CPU
		{EE811B01-CEA6-40FD-A6D7-030326733370}.Release|x64.ActiveCfg = Release|Any CPU
		{EE811B01-CEA6-40FD-A6D7-030326733370}.Release|x64.Build.0 = Release|Any CPU
		{EE811B01-CEA6-40FD-A6D7-030326733370}.Release|x86.ActiveCfg = Release|Any CPU
		{EE811B01-CEA6-40FD-A6D7-030326733370}.Release|x86.Build.0 = Release|Any CPU
		{71ED53B1-D7B8-47C6-AC19-B51EF0CB21E0}.Ad-Hoc|Any CPU.ActiveCfg = Release|iPhoneSimulator
		{71ED53B1-D7B8-47C6-AC19-B51EF0CB21E0}.Ad-Hoc|Any CPU.Build.0 = Release|iPhoneSimulator
		{71ED53B1-D7B8-47C6-AC19-B51EF0CB21E0}.Ad-Hoc|ARM.ActiveCfg = Release|iPhoneSimulator
		{71ED53B1-D7B8-47C6-AC19-B51EF0CB21E0}.Ad-Hoc|ARM.Build.0 = Release|iPhoneSimulator
		{71ED53B1-D7B8-47C6-AC19-B51EF0CB21E0}.Ad-Hoc|ARM64.ActiveCfg = Release|iPhoneSimulator
		{71ED53B1-D7B8-47C6-AC19-B51EF0CB21E0}.Ad-Hoc|ARM64.Build.0 = Release|iPhoneSimulator
		{71ED53B1-D7B8-47C6-AC19-B51EF0CB21E0}.Ad-Hoc|iPhone.ActiveCfg = Release|iPhoneSimulator
		{71ED53B1-D7B8-47C6-AC19-B51EF0CB21E0}.Ad-Hoc|iPhone.Build.0 = Release|iPhoneSimulator
		{71ED53B1-D7B8-47C6-AC19-B51EF0CB21E0}.Ad-Hoc|iPhoneSimulator.ActiveCfg = Release|iPhoneSimulator
		{71ED53B1-D7B8-47C6-AC19-B51EF0CB21E0}.Ad-Hoc|iPhoneSimulator.Build.0 = Release|iPhoneSimulator
		{71ED53B1-D7B8-47C6-AC19-B51EF0CB21E0}.Ad-Hoc|x64.ActiveCfg = Release|iPhoneSimulator
		{71ED53B1-D7B8-47C6-AC19-B51EF0CB21E0}.Ad-Hoc|x64.Build.0 = Release|iPhoneSimulator
		{71ED53B1-D7B8-47C6-AC19-B51EF0CB21E0}.Ad-Hoc|x86.ActiveCfg = Release|iPhoneSimulator
		{71ED53B1-D7B8-47C6-AC19-B51EF0CB21E0}.Ad-Hoc|x86.Build.0 = Release|iPhoneSimulator
		{71ED53B1-D7B8-47C6-AC19-B51EF0CB21E0}.AppStore|Any CPU.ActiveCfg = Release|iPhoneSimulator
		{71ED53B1-D7B8-47C6-AC19-B51EF0CB21E0}.AppStore|Any CPU.Build.0 = Release|iPhoneSimulator
		{71ED53B1-D7B8-47C6-AC19-B51EF0CB21E0}.AppStore|ARM.ActiveCfg = Release|iPhoneSimulator
		{71ED53B1-D7B8-47C6-AC19-B51EF0CB21E0}.AppStore|ARM.Build.0 = Release|iPhoneSimulator
		{71ED53B1-D7B8-47C6-AC19-B51EF0CB21E0}.AppStore|ARM64.ActiveCfg = Release|iPhoneSimulator
		{71ED53B1-D7B8-47C6-AC19-B51EF0CB21E0}.AppStore|ARM64.Build.0 = Release|iPhoneSimulator
		{71ED53B1-D7B8-47C6-AC19-B51EF0CB21E0}.AppStore|iPhone.ActiveCfg = Release|iPhoneSimulator
		{71ED53B1-D7B8-47C6-AC19-B51EF0CB21E0}.AppStore|iPhone.Build.0 = Release|iPhoneSimulator
		{71ED53B1-D7B8-47C6-AC19-B51EF0CB21E0}.AppStore|iPhoneSimulator.ActiveCfg = Release|iPhoneSimulator
		{71ED53B1-D7B8-47C6-AC19-B51EF0CB21E0}.AppStore|iPhoneSimulator.Build.0 = Release|iPhoneSimulator
		{71ED53B1-D7B8-47C6-AC19-B51EF0CB21E0}.AppStore|x64.ActiveCfg = Release|iPhoneSimulator
		{71ED53B1-D7B8-47C6-AC19-B51EF0CB21E0}.AppStore|x64.Build.0 = Release|iPhoneSimulator
		{71ED53B1-D7B8-47C6-AC19-B51EF0CB21E0}.AppStore|x86.ActiveCfg = Release|iPhoneSimulator
		{71ED53B1-D7B8-47C6-AC19-B51EF0CB21E0}.AppStore|x86.Build.0 = Release|iPhoneSimulator
		{71ED53B1-D7B8-47C6-AC19-B51EF0CB21E0}.Debug|Any CPU.ActiveCfg = Debug|iPhoneSimulator
		{71ED53B1-D7B8-47C6-AC19-B51EF0CB21E0}.Debug|ARM.ActiveCfg = Debug|iPhoneSimulator
		{71ED53B1-D7B8-47C6-AC19-B51EF0CB21E0}.Debug|ARM64.ActiveCfg = Debug|iPhoneSimulator
		{71ED53B1-D7B8-47C6-AC19-B51EF0CB21E0}.Debug|iPhone.ActiveCfg = Debug|iPhoneSimulator
		{71ED53B1-D7B8-47C6-AC19-B51EF0CB21E0}.Debug|iPhoneSimulator.ActiveCfg = Debug|iPhoneSimulator
		{71ED53B1-D7B8-47C6-AC19-B51EF0CB21E0}.Debug|iPhoneSimulator.Build.0 = Debug|iPhoneSimulator
		{71ED53B1-D7B8-47C6-AC19-B51EF0CB21E0}.Debug|x64.ActiveCfg = Debug|iPhoneSimulator
		{71ED53B1-D7B8-47C6-AC19-B51EF0CB21E0}.Debug|x86.ActiveCfg = Debug|iPhoneSimulator
		{71ED53B1-D7B8-47C6-AC19-B51EF0CB21E0}.Release|Any CPU.ActiveCfg = Release|iPhoneSimulator
		{71ED53B1-D7B8-47C6-AC19-B51EF0CB21E0}.Release|ARM.ActiveCfg = Release|iPhoneSimulator
		{71ED53B1-D7B8-47C6-AC19-B51EF0CB21E0}.Release|ARM64.ActiveCfg = Release|iPhoneSimulator
		{71ED53B1-D7B8-47C6-AC19-B51EF0CB21E0}.Release|iPhone.ActiveCfg = Release|iPhoneSimulator
		{71ED53B1-D7B8-47C6-AC19-B51EF0CB21E0}.Release|iPhoneSimulator.ActiveCfg = Release|iPhoneSimulator
		{71ED53B1-D7B8-47C6-AC19-B51EF0CB21E0}.Release|iPhoneSimulator.Build.0 = Release|iPhoneSimulator
		{71ED53B1-D7B8-47C6-AC19-B51EF0CB21E0}.Release|x64.ActiveCfg = Release|iPhoneSimulator
		{71ED53B1-D7B8-47C6-AC19-B51EF0CB21E0}.Release|x86.ActiveCfg = Release|iPhoneSimulator
	EndGlobalSection
	GlobalSection(SolutionProperties) = preSolution
		HideSolutionNode = FALSE
	EndGlobalSection
	GlobalSection(ExtensibilityGlobals) = postSolution
		SolutionGuid = {79B6DA86-97CC-4B56-9E19-FCE4B562E0EB}
	EndGlobalSection
EndGlobal
